
Microsoft Visual Studio Solution File, Format Version 12.00
# Visual Studio Version 17
VisualStudioVersion = 17.14.36705.20
MinimumVisualStudioVersion = 10.0.40219.1
Project("{FAE04EC0-301F-11D3-BF4B-00C04F79EFBC}") = "GxAdm", "GxAdm.csproj", "{D4575AAF-02FA-7CE6-D135-15C8E57248A7}"
EndProject
Project("{FAE04EC0-301F-11D3-BF4B-00C04F79EFBC}") = "GxShared", "..\GxShared\GxShared.csproj", "{AEFF34D3-4A5E-CEF2-A089-980976FFA873}"
EndProject
Project("{FAE04EC0-301F-11D3-BF4B-00C04F79EFBC}") = "Gx.Components", "..\..\Gx.Components\Gx.Components.csproj", "{78609F83-CDB9-3A83-C034-B1415E055708}"
EndProject
Global
	GlobalSection(SolutionConfigurationPlatforms) = preSolution
		Debug|Any CPU = Debug|Any CPU
		Release|Any CPU = Release|Any CPU
	EndGlobalSection
	GlobalSection(ProjectConfigurationPlatforms) = postSolution
		{D4575AAF-02FA-7CE6-D135-15C8E57248A7}.Debug|Any CPU.ActiveCfg = Debug|Any CPU
		{D4575AAF-02FA-7CE6-D135-15C8E57248A7}.Debug|Any CPU.Build.0 = Debug|Any CPU
		{D4575AAF-02FA-7CE6-D135-15C8E57248A7}.Release|Any CPU.ActiveCfg = Release|Any CPU
		{D4575AAF-02FA-7CE6-D135-15C8E57248A7}.Release|Any CPU.Build.0 = Release|Any CPU
		{AEFF34D3-4A5E-CEF2-A089-980976FFA873}.Debug|Any CPU.ActiveCfg = Debug|Any CPU
		{AEFF34D3-4A5E-CEF2-A089-980976FFA873}.Debug|Any CPU.Build.0 = Debug|Any CPU
		{AEFF34D3-4A5E-CEF2-A089-980976FFA873}.Release|Any CPU.ActiveCfg = Release|Any CPU
		{AEFF34D3-4A5E-CEF2-A089-980976FFA873}.Release|Any CPU.Build.0 = Release|Any CPU
		{78609F83-CDB9-3A83-C034-B1415E055708}.Debug|Any CPU.ActiveCfg = Debug|Any CPU
		{78609F83-CDB9-3A83-C034-B1415E055708}.Debug|Any CPU.Build.0 = Debug|Any CPU
		{78609F83-CDB9-3A83-C034-B1415E055708}.Release|Any CPU.ActiveCfg = Release|Any CPU
		{78609F83-CDB9-3A83-C034-B1415E055708}.Release|Any CPU.Build.0 = Release|Any CPU
	EndGlobalSection
	GlobalSection(SolutionProperties) = preSolution
		HideSolutionNode = FALSE
	EndGlobalSection
	GlobalSection(ExtensibilityGlobals) = postSolution
		SolutionGuid = {040C9CBF-8FD4-4A3B-9000-04FA852DD1C9}
	EndGlobalSection
EndGlobal
