
Microsoft Visual Studio Solution File, Format Version 12.00
# Visual Studio Version 18
VisualStudioVersion = 18.10.12217.157 stable
MinimumVisualStudioVersion = 10.0.40219.1
Project("{FAE04EC0-301F-11D3-BF4B-00C04F79EFBC}") = "GxDicto", "Gxdictio\GxDicto.csproj", "{C332AEFF-C3DF-41F8-8D3C-EBFBC12E4855}"
EndProject
Project("{FAE04EC0-301F-11D3-BF4B-00C04F79EFBC}") = "GxDicto.Extractor", "Gxdictio.Extractor\GxDicto.Extractor.csproj", "{D4CC7ADB-7BB1-47F0-AAA5-6346DAE315D6}"
EndProject
Global
	GlobalSection(SolutionConfigurationPlatforms) = preSolution
		Debug|Any CPU = Debug|Any CPU
		Debug|x64 = Debug|x64
		Debug|x86 = Debug|x86
		Release|Any CPU = Release|Any CPU
		Release|x64 = Release|x64
		Release|x86 = Release|x86
	EndGlobalSection
	GlobalSection(ProjectConfigurationPlatforms) = postSolution
		{C332AEFF-C3DF-41F8-8D3C-EBFBC12E4855}.Debug|Any CPU.ActiveCfg = Debug|Any CPU
		{C332AEFF-C3DF-41F8-8D3C-EBFBC12E4855}.Debug|Any CPU.Build.0 = Debug|Any CPU
		{C332AEFF-C3DF-41F8-8D3C-EBFBC12E4855}.Debug|x64.ActiveCfg = Debug|Any CPU
		{C332AEFF-C3DF-41F8-8D3C-EBFBC12E4855}.Debug|x64.Build.0 = Debug|Any CPU
		{C332AEFF-C3DF-41F8-8D3C-EBFBC12E4855}.Debug|x86.ActiveCfg = Debug|Any CPU
		{C332AEFF-C3DF-41F8-8D3C-EBFBC12E4855}.Debug|x86.Build.0 = Debug|Any CPU
		{C332AEFF-C3DF-41F8-8D3C-EBFBC12E4855}.Release|Any CPU.ActiveCfg = Release|Any CPU
		{C332AEFF-C3DF-41F8-8D3C-EBFBC12E4855}.Release|Any CPU.Build.0 = Release|Any CPU
		{C332AEFF-C3DF-41F8-8D3C-EBFBC12E4855}.Release|x64.ActiveCfg = Release|Any CPU
		{C332AEFF-C3DF-41F8-8D3C-EBFBC12E4855}.Release|x64.Build.0 = Release|Any CPU
		{C332AEFF-C3DF-41F8-8D3C-EBFBC12E4855}.Release|x86.ActiveCfg = Release|Any CPU
		{C332AEFF-C3DF-41F8-8D3C-EBFBC12E4855}.Release|x86.Build.0 = Release|Any CPU
		{D4CC7ADB-7BB1-47F0-AAA5-6346DAE315D6}.Debug|Any CPU.ActiveCfg = Debug|Any CPU
		{D4CC7ADB-7BB1-47F0-AAA5-6346DAE315D6}.Debug|Any CPU.Build.0 = Debug|Any CPU
		{D4CC7ADB-7BB1-47F0-AAA5-6346DAE315D6}.Debug|x64.ActiveCfg = Debug|Any CPU
		{D4CC7ADB-7BB1-47F0-AAA5-6346DAE315D6}.Debug|x64.Build.0 = Debug|Any CPU
		{D4CC7ADB-7BB1-47F0-AAA5-6346DAE315D6}.Debug|x86.ActiveCfg = Debug|Any CPU
		{D4CC7ADB-7BB1-47F0-AAA5-6346DAE315D6}.Debug|x86.Build.0 = Debug|Any CPU
		{D4CC7ADB-7BB1-47F0-AAA5-6346DAE315D6}.Release|Any CPU.ActiveCfg = Release|Any CPU
		{D4CC7ADB-7BB1-47F0-AAA5-6346DAE315D6}.Release|Any CPU.Build.0 = Release|Any CPU
		{D4CC7ADB-7BB1-47F0-AAA5-6346DAE315D6}.Release|x64.ActiveCfg = Release|Any CPU
		{D4CC7ADB-7BB1-47F0-AAA5-6346DAE315D6}.Release|x64.Build.0 = Release|Any CPU
		{D4CC7ADB-7BB1-47F0-AAA5-6346DAE315D6}.Release|x86.ActiveCfg = Release|Any CPU
		{D4CC7ADB-7BB1-47F0-AAA5-6346DAE315D6}.Release|x86.Build.0 = Release|Any CPU
	EndGlobalSection
	GlobalSection(SolutionProperties) = preSolution
		HideSolutionNode = FALSE
	EndGlobalSection
	GlobalSection(ExtensibilityGlobals) = postSolution
		SolutionGuid = {F6F5F715-529F-45E6-A19F-984C3A3F2A33}
	EndGlobalSection
EndGlobal
